
Microsoft Visual Studio Solution File, Format Version 12.00
# Visual Studio Version 16
VisualStudioVersion = 16.0.32510.428
MinimumVisualStudioVersion = 10.0.40219.1
Project("{FAE04EC0-301F-11D3-BF4B-00C04F79EFBC}") = "Nyanko", "Nyanko\Nyanko.csproj", "{77EFD00B-9FC2-4C43-8F6C-901A78BCC222}"
EndProject
Global
	GlobalSection(SolutionConfigurationPlatforms) = preSolution
		Debug|Any CPU = Debug|Any CPU
		Release|Any CPU = Release|Any CPU
	EndGlobalSection
	GlobalSection(ProjectConfigurationPlatforms) = postSolution
		{77EFD00B-9FC2-4C43-8F6C-901A78BCC222}.Debug|Any CPU.ActiveCfg = Debug|Any CPU
		{77EFD00B-9FC2-4C43-8F6C-901A78BCC222}.Debug|Any CPU.Build.0 = Debug|Any CPU
		{77EFD00B-9FC2-4C43-8F6C-901A78BCC222}.Release|Any CPU.ActiveCfg = Release|Any CPU
		{77EFD00B-9FC2-4C43-8F6C-901A78BCC222}.Release|Any CPU.Build.0 = Release|Any CPU
	EndGlobalSection
	GlobalSection(SolutionProperties) = preSolution
		HideSolutionNode = FALSE
	EndGlobalSection
	GlobalSection(ExtensibilityGlobals) = postSolution
		SolutionGuid = {5806C113-C114-4C59-9EC8-B3D9B1A3A370}
	EndGlobalSection
EndGlobal
